
Microsoft Visual Studio Solution File, Format Version 12.00
# Visual Studio Version 16
VisualStudioVersion = 16.0.30804.86
MinimumVisualStudioVersion = 10.0.40219.1
Project("{FAE04EC0-301F-11D3-BF4B-00C04F79EFBC}") = "WebApiAngularEcommerce", "WebApiAngularEcommerce\WebApiAngularEcommerce.csproj", "{CC40C193-AAE8-4E98-A079-01D9CAD0FC0E}"
EndProject
Global
	GlobalSection(SolutionConfigurationPlatforms) = preSolution
		Debug|Any CPU = Debug|Any CPU
		Release|Any CPU = Release|Any CPU
	EndGlobalSection
	GlobalSection(ProjectConfigurationPlatforms) = postSolution
		{CC40C193-AAE8-4E98-A079-01D9CAD0FC0E}.Debug|Any CPU.ActiveCfg = Debug|Any CPU
		{CC40C193-AAE8-4E98-A079-01D9CAD0FC0E}.Debug|Any CPU.Build.0 = Debug|Any CPU
		{CC40C193-AAE8-4E98-A079-01D9CAD0FC0E}.Release|Any CPU.ActiveCfg = Release|Any CPU
		{CC40C193-AAE8-4E98-A079-01D9CAD0FC0E}.Release|Any CPU.Build.0 = Release|Any CPU
	EndGlobalSection
	GlobalSection(SolutionProperties) = preSolution
		HideSolutionNode = FALSE
	EndGlobalSection
	GlobalSection(ExtensibilityGlobals) = postSolution
		SolutionGuid = {84D8B764-C39C-4D7B-B210-3D751004D505}
	EndGlobalSection
EndGlobal
